
Microsoft Visual Studio Solution File, Format Version 12.00
# Visual Studio 15
VisualStudioVersion = 15.0.28307.902
MinimumVisualStudioVersion = 10.0.40219.1
Project("{FAE04EC0-301F-11D3-BF4B-00C04F79EFBC}") = "PZ3", "PZ3\PZ3.csproj", "{B32E4C21-41EE-4EBD-9071-6A07A2EB3B0D}"
EndProject
Global
	GlobalSection(SolutionConfigurationPlatforms) = preSolution
		Debug|Any CPU = Debug|Any CPU
		Release|Any CPU = Release|Any CPU
	EndGlobalSection
	GlobalSection(ProjectConfigurationPlatforms) = postSolution
		{B32E4C21-41EE-4EBD-9071-6A07A2EB3B0D}.Debug|Any CPU.ActiveCfg = Debug|Any CPU
		{B32E4C21-41EE-4EBD-9071-6A07A2EB3B0D}.Debug|Any CPU.Build.0 = Debug|Any CPU
		{B32E4C21-41EE-4EBD-9071-6A07A2EB3B0D}.Release|Any CPU.ActiveCfg = Release|Any CPU
		{B32E4C21-41EE-4EBD-9071-6A07A2EB3B0D}.Release|Any CPU.Build.0 = Release|Any CPU
	EndGlobalSection
	GlobalSection(SolutionProperties) = preSolution
		HideSolutionNode = FALSE
	EndGlobalSection
	GlobalSection(ExtensibilityGlobals) = postSolution
		SolutionGuid = {FFF336E4-5009-4C9C-BE0B-9449EC2C9714}
	EndGlobalSection
EndGlobal
